// !$*UTF8*$!
{
	archiveVersion = 1;
	classes = {
	};
	objectVersion = 55;
	objects = {

/* Begin PBXBuildFile section */
		4D6AFCCC2889F4DD003C80D2 /* image_galleryApp.swift in Sources */ = {isa = PBXBuildFile; fileRef = 4D6AFCCB2889F4DD003C80D2 /* image_galleryApp.swift */; };
		4D6AFCCE2889F4DD003C80D2 /* ContentView.swift in Sources */ = {isa = PBXBuildFile; fileRef = 4D6AFCCD2889F4DD003C80D2 /* ContentView.swift */; };
		4D6AFCD02889F4DD003C80D2 /* Assets.xcassets in Resources */ = {isa = PBXBuildFile; fileRef = 4D6AFCCF2889F4DD003C80D2 /* Assets.xcassets */; };
		4D6AFCD32889F4DD003C80D2 /* Preview Assets.xcassets in Resources */ = {isa = PBXBuildFile; fileRef = 4D6AFCD22889F4DD003C80D2 /* Preview Assets.xcassets */; };
		4D6AFCDD2889F4DE003C80D2 /* image_galleryTests.swift in Sources */ = {isa = PBXBuildFile; fileRef = 4D6AFCDC2889F4DE003C80D2 /* image_galleryTests.swift */; };
		4D6AFCE72889F4DE003C80D2 /* image_galleryUITests.swift in Sources */ = {isa = PBXBuildFile; fileRef = 4D6AFCE62889F4DE003C80D2 /* image_galleryUITests.swift */; };
		4D6AFCE92889F4DE003C80D2 /* image_galleryUITestsLaunchTests.swift in Sources */ = {isa = PBXBuildFile; fileRef = 4D6AFCE82889F4DE003C80D2 /* image_galleryUITestsLaunchTests.swift */; };
/* End PBXBuildFile section */

/* Begin PBXContainerItemProxy section */
		4D6AFCD92889F4DE003C80D2 /* PBXContainerItemProxy */ = {
			isa = PBXContainerItemProxy;
			containerPortal = 4D6AFCC02889F4DD003C80D2 /* Project object */;
			proxyType = 1;
			remoteGlobalIDString = 4D6AFCC72889F4DD003C80D2;
			remoteInfo = "image gallery";
		};
		4D6AFCE32889F4DE003C80D2 /* PBXContainerItemProxy */ = {
			isa = PBXContainerItemProxy;
			containerPortal = 4D6AFCC02889F4DD003C80D2 /* Project object */;
			proxyType = 1;
			remoteGlobalIDString = 4D6AFCC72889F4DD003C80D2;
			remoteInfo = "image gallery";
		};
/* End PBXContainerItemProxy section */

/* Begin PBXFileReference section */
		4D6AFCC82889F4DD003C80D2 /* image gallery.app */ = {isa = PBXFileReference; explicitFileType = wrapper.application; includeInIndex = 0; path = "image gallery.app"; sourceTree = BUILT_PRODUCTS_DIR; };
		4D6AFCCB2889F4DD003C80D2 /* image_galleryApp.swift */ = {isa = PBXFileReference; lastKnownFileType = sourcecode.swift; path = image_galleryApp.swift; sourceTree = "<group>"; };
		4D6AFCCD2889F4DD003C80D2 /* ContentView.swift */ = {isa = PBXFileReference; lastKnownFileType = sourcecode.swift; path = ContentView.swift; sourceTree = "<group>"; };
		4D6AFCCF2889F4DD003C80D2 /* Assets.xcassets */ = {isa = PBXFileReference; lastKnownFileType = folder.assetcatalog; path = Assets.xcassets; sourceTree = "<group>"; };
		4D6AFCD22889F4DD003C80D2 /* Preview Assets.xcassets */ = {isa = PBXFileReference; lastKnownFileType = folder.assetcatalog; path = "Preview Assets.xcassets"; sourceTree = "<group>"; };
		4D6AFCD82889F4DE003C80D2 /* image galleryTests.xctest */ = {isa = PBXFileReference; explicitFileType = wrapper.cfbundle; includeInIndex = 0; path = "image galleryTests.xctest"; sourceTree = BUILT_PRODUCTS_DIR; };
		4D6AFCDC2889F4DE003C80D2 /* image_galleryTests.swift */ = {isa = PBXFileReference; lastKnownFileType = sourcecode.swift; path = image_galleryTests.swift; sourceTree = "<group>"; };
		4D6AFCE22889F4DE003C80D2 /* image galleryUITests.xctest */ = {isa = PBXFileReference; explicitFileType = wrapper.cfbundle; includeInIndex = 0; path = "image galleryUITests.xctest"; sourceTree = BUILT_PRODUCTS_DIR; };
		4D6AFCE62889F4DE003C80D2 /* image_galleryUITests.swift */ = {isa = PBXFileReference; lastKnownFileType = sourcecode.swift; path = image_galleryUITests.swift; sourceTree = "<group>"; };
		4D6AFCE82889F4DE003C80D2 /* image_galleryUITestsLaunchTests.swift */ = {isa = PBXFileReference; lastKnownFileType = sourcecode.swift; path = image_galleryUITestsLaunchTests.swift; sourceTree = "<group>"; };
/* End PBXFileReference section */

/* Begin PBXFrameworksBuildPhase section */
		4D6AFCC52889F4DD003C80D2 /* Frameworks */ = {
			isa = PBXFrameworksBuildPhase;
			buildActionMask = 2147483647;
			files = (
			);
			runOnlyForDeploymentPostprocessing = 0;
		};
		4D6AFCD52889F4DE003C80D2 /* Frameworks */ = {
			isa = PBXFrameworksBuildPhase;
			buildActionMask = 2147483647;
			files = (
			);
			runOnlyForDeploymentPostprocessing = 0;
		};
		4D6AFCDF2889F4DE003C80D2 /* Frameworks */ = {
			isa = PBXFrameworksBuildPhase;
			buildActionMask = 2147483647;
			files = (
			);
			runOnlyForDeploymentPostprocessing = 0;
		};
/* End PBXFrameworksBuildPhase section */

/* Begin PBXGroup section */
		4D6AFCBF2889F4DD003C80D2 = {
			isa = PBXGroup;
			children = (
				4D6AFCCA2889F4DD003C80D2 /* image gallery */,
				4D6AFCDB2889F4DE003C80D2 /* image galleryTests */,
				4D6AFCE52889F4DE003C80D2 /* image galleryUITests */,
				4D6AFCC92889F4DD003C80D2 /* Products */,
			);
			sourceTree = "<group>";
		};
		4D6AFCC92889F4DD003C80D2 /* Products */ = {
			isa = PBXGroup;
			children = (
				4D6AFCC82889F4DD003C80D2 /* image gallery.app */,
				4D6AFCD82889F4DE003C80D2 /* image galleryTests.xctest */,
				4D6AFCE22889F4DE003C80D2 /* image galleryUITests.xctest */,
			);
			name = Products;
			sourceTree = "<group>";
		};
		4D6AFCCA2889F4DD003C80D2 /* image gallery */ = {
			isa = PBXGroup;
			children = (
				4D6AFCCB2889F4DD003C80D2 /* image_galleryApp.swift */,
				4D6AFCCD2889F4DD003C80D2 /* ContentView.swift */,
				4D6AFCCF2889F4DD003C80D2 /* Assets.xcassets */,
				4D6AFCD12889F4DD003C80D2 /* Preview Content */,
			);
			path = "image gallery";
			sourceTree = "<group>";
		};
		4D6AFCD12889F4DD003C80D2 /* Preview Content */ = {
			isa = PBXGroup;
			children = (
				4D6AFCD22889F4DD003C80D2 /* Preview Assets.xcassets */,
			);
			path = "Preview Content";
			sourceTree = "<group>";
		};
		4D6AFCDB2889F4DE003C80D2 /* image galleryTests */ = {
			isa = PBXGroup;
			children = (
				4D6AFCDC2889F4DE003C80D2 /* image_galleryTests.swift */,
			);
			path = "image galleryTests";
			sourceTree = "<group>";
		};
		4D6AFCE52889F4DE003C80D2 /* image galleryUITests */ = {
			isa = PBXGroup;
			children = (
				4D6AFCE62889F4DE003C80D2 /* image_galleryUITests.swift */,
				4D6AFCE82889F4DE003C80D2 /* image_galleryUITestsLaunchTests.swift */,
			);
			path = "image galleryUITests";
			sourceTree = "<group>";
		};
/* End PBXGroup section */

/* Begin PBXNativeTarget section */
		4D6AFCC72889F4DD003C80D2 /* image gallery */ = {
			isa = PBXNativeTarget;
			buildConfigurationList = 4D6AFCEC2889F4DE003C80D2 /* Build configuration list for PBXNativeTarget "image gallery" */;
			buildPhases = (
				4D6AFCC42889F4DD003C80D2 /* Sources */,
				4D6AFCC52889F4DD003C80D2 /* Frameworks */,
				4D6AFCC62889F4DD003C80D2 /* Resources */,
			);
			buildRules = (
			);
			dependencies = (
			);
			name = "image gallery";
			productName = "image gallery";
			productReference = 4D6AFCC82889F4DD003C80D2 /* image gallery.app */;
			productType = "com.apple.product-type.application";
		};
		4D6AFCD72889F4DE003C80D2 /* image galleryTests */ = {
			isa = PBXNativeTarget;
			buildConfigurationList = 4D6AFCEF2889F4DE003C80D2 /* Build configuration list for PBXNativeTarget "image galleryTests" */;
			buildPhases = (
				4D6AFCD42889F4DE003C80D2 /* Sources */,
				4D6AFCD52889F4DE003C80D2 /* Frameworks */,
				4D6AFCD62889F4DE003C80D2 /* Resources */,
			);
			buildRules = (
			);
			dependencies = (
				4D6AFCDA2889F4DE003C80D2 /* PBXTargetDependency */,
			);
			name = "image galleryTests";
			productName = "image galleryTests";
			productReference = 4D6AFCD82889F4DE003C80D2 /* image galleryTests.xctest */;
			productType = "com.apple.product-type.bundle.unit-test";
		};
		4D6AFCE12889F4DE003C80D2 /* image galleryUITests */ = {
			isa = PBXNativeTarget;
			buildConfigurationList = 4D6AFCF22889F4DE003C80D2 /* Build configuration list for PBXNativeTarget "image galleryUITests" */;
			buildPhases = (
				4D6AFCDE2889F4DE003C80D2 /* Sources */,
				4D6AFCDF2889F4DE003C80D2 /* Frameworks */,
				4D6AFCE02889F4DE003C80D2 /* Resources */,
			);
			buildRules = (
			);
			dependencies = (
				4D6AFCE42889F4DE003C80D2 /* PBXTargetDependency */,
			);
			name = "image galleryUITests";
			productName = "image galleryUITests";
			productReference = 4D6AFCE22889F4DE003C80D2 /* image galleryUITests.xctest */;
			productType = "com.apple.product-type.bundle.ui-testing";
		};
/* End PBXNativeTarget section */

/* Begin PBXProject section */
		4D6AFCC02889F4DD003C80D2 /* Project object */ = {
			isa = PBXProject;
			attributes = {
				BuildIndependentTargetsInParallel = 1;
				LastSwiftUpdateCheck = 1340;
				LastUpgradeCheck = 1340;
				TargetAttributes = {
					4D6AFCC72889F4DD003C80D2 = {
						CreatedOnToolsVersion = 13.4.1;
					};
					4D6AFCD72889F4DE003C80D2 = {
						CreatedOnToolsVersion = 13.4.1;
						TestTargetID = 4D6AFCC72889F4DD003C80D2;
					};
					4D6AFCE12889F4DE003C80D2 = {
						CreatedOnToolsVersion = 13.4.1;
						TestTargetID = 4D6AFCC72889F4DD003C80D2;
					};
				};
			};
			buildConfigurationList = 4D6AFCC32889F4DD003C80D2 /* Build configuration list for PBXProject "image gallery" */;
			compatibilityVersion = "Xcode 13.0";
			developmentRegion = en;
			hasScannedForEncodings = 0;
			knownRegions = (
				en,
				Base,
			);
			mainGroup = 4D6AFCBF2889F4DD003C80D2;
			productRefGroup = 4D6AFCC92889F4DD003C80D2 /* Products */;
			projectDirPath = "";
			projectRoot = "";
			targets = (
				4D6AFCC72889F4DD003C80D2 /* image gallery */,
				4D6AFCD72889F4DE003C80D2 /* image galleryTests */,
				4D6AFCE12889F4DE003C80D2 /* image galleryUITests */,
			);
		};
/* End PBXProject section */

/* Begin PBXResourcesBuildPhase section */
		4D6AFCC62889F4DD003C80D2 /* Resources */ = {
			isa = PBXResourcesBuildPhase;
			buildActionMask = 2147483647;
			files = (
				4D6AFCD32889F4DD003C80D2 /* Preview Assets.xcassets in Resources */,
				4D6AFCD02889F4DD003C80D2 /* Assets.xcassets in Resources */,
			);
			runOnlyForDeploymentPostprocessing = 0;
		};
		4D6AFCD62889F4DE003C80D2 /* Resources */ = {
			isa = PBXResourcesBuildPhase;
			buildActionMask = 2147483647;
			files = (
			);
			runOnlyForDeploymentPostprocessing = 0;
		};
		4D6AFCE02889F4DE003C80D2 /* Resources */ = {
			isa = PBXResourcesBuildPhase;
			buildActionMask = 2147483647;
			files = (
			);
			runOnlyForDeploymentPostprocessing = 0;
		};
/* End PBXResourcesBuildPhase section */

/* Begin PBXSourcesBuildPhase section */
		4D6AFCC42889F4DD003C80D2 /* Sources */ = {
			isa = PBXSourcesBuildPhase;
			buildActionMask = 2147483647;
			files = (
				4D6AFCCE2889F4DD003C80D2 /* ContentView.swift in Sources */,
				4D6AFCCC2889F4DD003C80D2 /* image_galleryApp.swift in Sources */,
			);
			runOnlyForDeploymentPostprocessing = 0;
		};
		4D6AFCD42889F4DE003C80D2 /* Sources */ = {
			isa = PBXSourcesBuildPhase;
			buildActionMask = 2147483647;
			files = (
				4D6AFCDD2889F4DE003C80D2 /* image_galleryTests.swift in Sources */,
			);
			runOnlyForDeploymentPostprocessing = 0;
		};
		4D6AFCDE2889F4DE003C80D2 /* Sources */ = {
			isa = PBXSourcesBuildPhase;
			buildActionMask = 2147483647;
			files = (
				4D6AFCE72889F4DE003C80D2 /* image_galleryUITests.swift in Sources */,
				4D6AFCE92889F4DE003C80D2 /* image_galleryUITestsLaunchTests.swift in Sources */,
			);
			runOnlyForDeploymentPostprocessing = 0;
		};
/* End PBXSourcesBuildPhase section */

/* Begin PBXTargetDependency section */
		4D6AFCDA2889F4DE003C80D2 /* PBXTargetDependency */ = {
			isa = PBXTargetDependency;
			target = 4D6AFCC72889F4DD003C80D2 /* image gallery */;
			targetProxy = 4D6AFCD92889F4DE003C80D2 /* PBXContainerItemProxy */;
		};
		4D6AFCE42889F4DE003C80D2 /* PBXTargetDependency */ = {
			isa = PBXTargetDependency;
			target = 4D6AFCC72889F4DD003C80D2 /* image gallery */;
			targetProxy = 4D6AFCE32889F4DE003C80D2 /* PBXContainerItemProxy */;
		};
/* End PBXTargetDependency section */

/* Begin XCBuildConfiguration section */
		4D6AFCEA2889F4DE003C80D2 /* Debug */ = {
			isa = XCBuildConfiguration;
			buildSettings = {
				ALWAYS_SEARCH_USER_PATHS = NO;
				CLANG_ANALYZER_NONNULL = YES;
				CLANG_ANALYZER_NUMBER_OBJECT_CONVERSION = YES_AGGRESSIVE;
				CLANG_CXX_LANGUAGE_STANDARD = "gnu++17";
				CLANG_ENABLE_MODULES = YES;
				CLANG_ENABLE_OBJC_ARC = YES;
				CLANG_ENABLE_OBJC_WEAK = YES;
				CLANG_WARN_BLOCK_CAPTURE_AUTORELEASING = YES;
				CLANG_WARN_BOOL_CONVERSION = YES;
				CLANG_WARN_COMMA = YES;
				CLANG_WARN_CONSTANT_CONVERSION = YES;
				CLANG_WARN_DEPRECATED_OBJC_IMPLEMENTATIONS = YES;
				CLANG_WARN_DIRECT_OBJC_ISA_USAGE = YES_ERROR;
				CLANG_WARN_DOCUMENTATION_COMMENTS = YES;
				CLANG_WARN_EMPTY_BODY = YES;
				CLANG_WARN_ENUM_CONVERSION = YES;
				CLANG_WARN_INFINITE_RECURSION = YES;
				CLANG_WARN_INT_CONVERSION = YES;
				CLANG_WARN_NON_LITERAL_NULL_CONVERSION = YES;
				CLANG_WARN_OBJC_IMPLICIT_RETAIN_SELF = YES;
				CLANG_WARN_OBJC_LITERAL_CONVERSION = YES;
				CLANG_WARN_OBJC_ROOT_CLASS = YES_ERROR;
				CLANG_WARN_QUOTED_INCLUDE_IN_FRAMEWORK_HEADER = YES;
				CLANG_WARN_RANGE_LOOP_ANALYSIS = YES;
				CLANG_WARN_STRICT_PROTOTYPES = YES;
				CLANG_WARN_SUSPICIOUS_MOVE = YES;
				CLANG_WARN_UNGUARDED_AVAILABILITY = YES_AGGRESSIVE;
				CLANG_WARN_UNREACHABLE_CODE = YES;
				CLANG_WARN__DUPLICATE_METHOD_MATCH = YES;
				COPY_PHASE_STRIP = NO;
				DEBUG_INFORMATION_FORMAT = dwarf;
				ENABLE_STRICT_OBJC_MSGSEND = YES;
				ENABLE_TESTABILITY = YES;
				GCC_C_LANGUAGE_STANDARD = gnu11;
				GCC_DYNAMIC_NO_PIC = NO;
				GCC_NO_COMMON_BLOCKS = YES;
				GCC_OPTIMIZATION_LEVEL = 0;
				GCC_PREPROCESSOR_DEFINITIONS = (
					"DEBUG=1",
					"$(inherited)",
				);
				GCC_WARN_64_TO_32_BIT_CONVERSION = YES;
				GCC_WARN_ABOUT_RETURN_TYPE = YES_ERROR;
				GCC_WARN_UNDECLARED_SELECTOR = YES;
				GCC_WARN_UNINITIALIZED_AUTOS = YES_AGGRESSIVE;
				GCC_WARN_UNUSED_FUNCTION = YES;
				GCC_WARN_UNUSED_VARIABLE = YES;
				IPHONEOS_DEPLOYMENT_TARGET = 15.5;
				MTL_ENABLE_DEBUG_INFO = INCLUDE_SOURCE;
				MTL_FAST_MATH = YES;
				ONLY_ACTIVE_ARCH = YES;
				SDKROOT = iphoneos;
				SWIFT_ACTIVE_COMPILATION_CONDITIONS = DEBUG;
				SWIFT_OPTIMIZATION_LEVEL = "-Onone";
			};
			name = Debug;
		};
		4D6AFCEB2889F4DE003C80D2 /* Release */ = {
			isa = XCBuildConfiguration;
			buildSettings = {
				ALWAYS_SEARCH_USER_PATHS = NO;
				CLANG_ANALYZER_NONNULL = YES;
				CLANG_ANALYZER_NUMBER_OBJECT_CONVERSION = YES_AGGRESSIVE;
				CLANG_CXX_LANGUAGE_STANDARD = "gnu++17";
				CLANG_ENABLE_MODULES = YES;
				CLANG_ENABLE_OBJC_ARC = YES;
				CLANG_ENABLE_OBJC_WEAK = YES;
				CLANG_WARN_BLOCK_CAPTURE_AUTORELEASING = YES;
				CLANG_WARN_BOOL_CONVERSION = YES;
				CLANG_WARN_COMMA = YES;
				CLANG_WARN_CONSTANT_CONVERSION = YES;
				CLANG_WARN_DEPRECATED_OBJC_IMPLEMENTATIONS = YES;
				CLANG_WARN_DIRECT_OBJC_ISA_USAGE = YES_ERROR;
				CLANG_WARN_DOCUMENTATION_COMMENTS = YES;
				CLANG_WARN_EMPTY_BODY = YES;
				CLANG_WARN_ENUM_CONVERSION = YES;
				CLANG_WARN_INFINITE_RECURSION = YES;
				CLANG_WARN_INT_CONVERSION = YES;
				CLANG_WARN_NON_LITERAL_NULL_CONVERSION = YES;
				CLANG_WARN_OBJC_IMPLICIT_RETAIN_SELF = YES;
				CLANG_WARN_OBJC_LITERAL_CONVERSION = YES;
				CLANG_WARN_OBJC_ROOT_CLASS = YES_ERROR;
				CLANG_WARN_QUOTED_INCLUDE_IN_FRAMEWORK_HEADER = YES;
				CLANG_WARN_RANGE_LOOP_ANALYSIS = YES;
				CLANG_WARN_STRICT_PROTOTYPES = YES;
				CLANG_WARN_SUSPICIOUS_MOVE = YES;
				CLANG_WARN_UNGUARDED_AVAILABILITY = YES_AGGRESSIVE;
				CLANG_WARN_UNREACHABLE_CODE = YES;
				CLANG_WARN__DUPLICATE_METHOD_MATCH = YES;
				COPY_PHASE_STRIP = NO;
				DEBUG_INFORMATION_FORMAT = "dwarf-with-dsym";
				ENABLE_NS_ASSERTIONS = NO;
				ENABLE_STRICT_OBJC_MSGSEND = YES;
				GCC_C_LANGUAGE_STANDARD = gnu11;
				GCC_NO_COMMON_BLOCKS = YES;
				GCC_WARN_64_TO_32_BIT_CONVERSION = YES;
				GCC_WARN_ABOUT_RETURN_TYPE = YES_ERROR;
				GCC_WARN_UNDECLARED_SELECTOR = YES;
				GCC_WARN_UNINITIALIZED_AUTOS = YES_AGGRESSIVE;
				GCC_WARN_UNUSED_FUNCTION = YES;
				GCC_WARN_UNUSED_VARIABLE = YES;
				IPHONEOS_DEPLOYMENT_TARGET = 15.5;
				MTL_ENABLE_DEBUG_INFO = NO;
				MTL_FAST_MATH = YES;
				SDKROOT = iphoneos;
				SWIFT_COMPILATION_MODE = wholemodule;
				SWIFT_OPTIMIZATION_LEVEL = "-O";
				VALIDATE_PRODUCT = YES;
			};
			name = Release;
		};
		4D6AFCED2889F4DE003C80D2 /* Debug */ = {
			isa = XCBuildConfiguration;
			buildSettings = {
				ASSETCATALOG_COMPILER_APPICON_NAME = AppIcon;
				ASSETCATALOG_COMPILER_GLOBAL_ACCENT_COLOR_NAME = AccentColor;
				CODE_SIGN_STYLE = Automatic;
				CURRENT_PROJECT_VERSION = 1;
				DEVELOPMENT_ASSET_PATHS = "\"image gallery/Preview Content\"";
				ENABLE_PREVIEWS = YES;
				GENERATE_INFOPLIST_FILE = YES;
				INFOPLIST_KEY_UIApplicationSceneManifest_Generation = YES;
				INFOPLIST_KEY_UIApplicationSupportsIndirectInputEvents = YES;
				INFOPLIST_KEY_UILaunchScreen_Generation = YES;
				INFOPLIST_KEY_UISupportedInterfaceOrientations_iPad = "UIInterfaceOrientationPortrait UIInterfaceOrientationPortraitUpsideDown UIInterfaceOrientationLandscapeLeft UIInterfaceOrientationLandscapeRight";
				INFOPLIST_KEY_UISupportedInterfaceOrientations_iPhone = "UIInterfaceOrientationPortrait UIInterfaceOrientationLandscapeLeft UIInterfaceOrientationLandscapeRight";
				LD_RUNPATH_SEARCH_PATHS = (
					"$(inherited)",
					"@executable_path/Frameworks",
				);
				MARKETING_VERSION = 1.0;
				PRODUCT_BUNDLE_IDENTIFIER = "Aliya.image-gallery";
				PRODUCT_NAME = "$(TARGET_NAME)";
				SWIFT_EMIT_LOC_STRINGS = YES;
				SWIFT_VERSION = 5.0;
				TARGETED_DEVICE_FAMILY = "1,2";
			};
			name = Debug;
		};
		4D6AFCEE2889F4DE003C80D2 /* Release */ = {
			isa = XCBuildConfiguration;
			buildSettings = {
				ASSETCATALOG_COMPILER_APPICON_NAME = AppIcon;
				ASSETCATALOG_COMPILER_GLOBAL_ACCENT_COLOR_NAME = AccentColor;
				CODE_SIGN_STYLE = Automatic;
				CURRENT_PROJECT_VERSION = 1;
				DEVELOPMENT_ASSET_PATHS = "\"image gallery/Preview Content\"";
				ENABLE_PREVIEWS = YES;
				GENERATE_INFOPLIST_FILE = YES;
				INFOPLIST_KEY_UIApplicationSceneManifest_Generation = YES;
				INFOPLIST_KEY_UIApplicationSupportsIndirectInputEvents = YES;
				INFOPLIST_KEY_UILaunchScreen_Generation = YES;
				INFOPLIST_KEY_UISupportedInterfaceOrientations_iPad = "UIInterfaceOrientationPortrait UIInterfaceOrientationPortraitUpsideDown UIInterfaceOrientationLandscapeLeft UIInterfaceOrientationLandscapeRight";
				INFOPLIST_KEY_UISupportedInterfaceOrientations_iPhone = "UIInterfaceOrientationPortrait UIInterfaceOrientationLandscapeLeft UIInterfaceOrientationLandscapeRight";
				LD_RUNPATH_SEARCH_PATHS = (
					"$(inherited)",
					"@executable_path/Frameworks",
				);
				MARKETING_VERSION = 1.0;
				PRODUCT_BUNDLE_IDENTIFIER = "Aliya.image-gallery";
				PRODUCT_NAME = "$(TARGET_NAME)";
				SWIFT_EMIT_LOC_STRINGS = YES;
				SWIFT_VERSION = 5.0;
				TARGETED_DEVICE_FAMILY = "1,2";
			};
			name = Release;
		};
		4D6AFCF02889F4DE003C80D2 /* Debug */ = {
			isa = XCBuildConfiguration;
			buildSettings = {
				ALWAYS_EMBED_SWIFT_STANDARD_LIBRARIES = YES;
				BUNDLE_LOADER = "$(TEST_HOST)";
				CODE_SIGN_STYLE = Automatic;
				CURRENT_PROJECT_VERSION = 1;
				GENERATE_INFOPLIST_FILE = YES;
				IPHONEOS_DEPLOYMENT_TARGET = 15.5;
				MARKETING_VERSION = 1.0;
				PRODUCT_BUNDLE_IDENTIFIER = "Aliya.image-galleryTests";
				PRODUCT_NAME = "$(TARGET_NAME)";
				SWIFT_EMIT_LOC_STRINGS = NO;
				SWIFT_VERSION = 5.0;
				TARGETED_DEVICE_FAMILY = "1,2";
				TEST_HOST = "$(BUILT_PRODUCTS_DIR)/image gallery.app/image gallery";
			};
			name = Debug;
		};
		4D6AFCF12889F4DE003C80D2 /* Release */ = {
			isa = XCBuildConfiguration;
			buildSettings = {
				ALWAYS_EMBED_SWIFT_STANDARD_LIBRARIES = YES;
				BUNDLE_LOADER = "$(TEST_HOST)";
				CODE_SIGN_STYLE = Automatic;
				CURRENT_PROJECT_VERSION = 1;
				GENERATE_INFOPLIST_FILE = YES;
				IPHONEOS_DEPLOYMENT_TARGET = 15.5;
				MARKETING_VERSION = 1.0;
				PRODUCT_BUNDLE_IDENTIFIER = "Aliya.image-galleryTests";
				PRODUCT_NAME = "$(TARGET_NAME)";
				SWIFT_EMIT_LOC_STRINGS = NO;
				SWIFT_VERSION = 5.0;
				TARGETED_DEVICE_FAMILY = "1,2";
				TEST_HOST = "$(BUILT_PRODUCTS_DIR)/image gallery.app/image gallery";
			};
			name = Release;
		};
		4D6AFCF32889F4DE003C80D2 /* Debug */ = {
			isa = XCBuildConfiguration;
			buildSettings = {
				ALWAYS_EMBED_SWIFT_STANDARD_LIBRARIES = YES;
				CODE_SIGN_STYLE = Automatic;
				CURRENT_PROJECT_VERSION = 1;
				GENERATE_INFOPLIST_FILE = YES;
				MARKETING_VERSION = 1.0;
				PRODUCT_BUNDLE_IDENTIFIER = "Aliya.image-galleryUITests";
				PRODUCT_NAME = "$(TARGET_NAME)";
				SWIFT_EMIT_LOC_STRINGS = NO;
				SWIFT_VERSION = 5.0;
				TARGETED_DEVICE_FAMILY = "1,2";
				TEST_TARGET_NAME = "image gallery";
			};
			name = Debug;
		};
		4D6AFCF42889F4DE003C80D2 /* Release */ = {
			isa = XCBuildConfiguration;
			buildSettings = {
				ALWAYS_EMBED_SWIFT_STANDARD_LIBRARIES = YES;
				CODE_SIGN_STYLE = Automatic;
				CURRENT_PROJECT_VERSION = 1;
				GENERATE_INFOPLIST_FILE = YES;
				MARKETING_VERSION = 1.0;
				PRODUCT_BUNDLE_IDENTIFIER = "Aliya.image-galleryUITests";
				PRODUCT_NAME = "$(TARGET_NAME)";
				SWIFT_EMIT_LOC_STRINGS = NO;
				SWIFT_VERSION = 5.0;
				TARGETED_DEVICE_FAMILY = "1,2";
				TEST_TARGET_NAME = "image gallery";
			};
			name = Release;
		};
/* End XCBuildConfiguration section */

/* Begin XCConfigurationList section */
		4D6AFCC32889F4DD003C80D2 /* Build configuration list for PBXProject "image gallery" */ = {
			isa = XCConfigurationList;
			buildConfigurations = (
				4D6AFCEA2889F4DE003C80D2 /* Debug */,
				4D6AFCEB2889F4DE003C80D2 /* Release */,
			);
			defaultConfigurationIsVisible = 0;
			defaultConfigurationName = Release;
		};
		4D6AFCEC2889F4DE003C80D2 /* Build configuration list for PBXNativeTarget "image gallery" */ = {
			isa = XCConfigurationList;
			buildConfigurations = (
				4D6AFCED2889F4DE003C80D2 /* Debug */,
				4D6AFCEE2889F4DE003C80D2 /* Release */,
			);
			defaultConfigurationIsVisible = 0;
			defaultConfigurationName = Release;
		};
		4D6AFCEF2889F4DE003C80D2 /* Build configuration list for PBXNativeTarget "image galleryTests" */ = {
			isa = XCConfigurationList;
			buildConfigurations = (
				4D6AFCF02889F4DE003C80D2 /* Debug */,
				4D6AFCF12889F4DE003C80D2 /* Release */,
			);
			defaultConfigurationIsVisible = 0;
			defaultConfigurationName = Release;
		};
		4D6AFCF22889F4DE003C80D2 /* Build configuration list for PBXNativeTarget "image galleryUITests" */ = {
			isa = XCConfigurationList;
			buildConfigurations = (
				4D6AFCF32889F4DE003C80D2 /* Debug */,
				4D6AFCF42889F4DE003C80D2 /* Release */,
			);
			defaultConfigurationIsVisible = 0;
			defaultConfigurationName = Release;
		};
/* End XCConfigurationList section */
	};
	rootObject = 4D6AFCC02889F4DD003C80D2 /* Project object */;
}
